
Microsoft Visual Studio Solution File, Format Version 12.00
# Visual Studio 15
VisualStudioVersion = 15.0.28307.779
MinimumVisualStudioVersion = 10.0.40219.1
Project("{9A19103F-16F7-4668-BE54-9A1E7A4F7556}") = "Taxi.Common", "Taxi.Common\Taxi.Common.csproj", "{16A30162-10E3-4C2E-8136-4CBBEC541761}"
EndProject
Project("{9A19103F-16F7-4668-BE54-9A1E7A4F7556}") = "Taxi.Web", "Taxi.Web\Taxi.Web.csproj", "{2AC4004D-98BB-41B5-9F5F-55A177CE6C61}"
EndProject
Project("{9A19103F-16F7-4668-BE54-9A1E7A4F7556}") = "Taxi.Prism", "Taxi.Prism\Taxi.Prism\Taxi.Prism.csproj", "{4B3EF632-2464-4BFD-80CA-E414BE263DA6}"
EndProject
Project("{FAE04EC0-301F-11D3-BF4B-00C04F79EFBC}") = "Taxi.Prism.Android", "Taxi.Prism\Taxi.Prism.Android\Taxi.Prism.Android.csproj", "{D3247039-4292-4C63-A295-345379CFE1FF}"
EndProject
Project("{FAE04EC0-301F-11D3-BF4B-00C04F79EFBC}") = "Taxi.Prism.iOS", "Taxi.Prism\Taxi.Prism.iOS\Taxi.Prism.iOS.csproj", "{B5285FB4-F91C-4591-BE1E-0D2C47001351}"
EndProject
Project("{FAE04EC0-301F-11D3-BF4B-00C04F79EFBC}") = "Taxi.Cross.Android", "Taxi.Cross.Android\Taxi.Cross.Android.csproj", "{E8CB08F5-EEB7-40E8-90B1-3E446111F710}"
EndProject
Project("{FAE04EC0-301F-11D3-BF4B-00C04F79EFBC}") = "Taxi.Cross.IOS", "Taxi.Cross.IOS\Taxi.Cross.IOS.csproj", "{101E3060-8799-4119-8A7A-4F86A01C0C84}"
EndProject
Global
	GlobalSection(SolutionConfigurationPlatforms) = preSolution
		Ad-Hoc|Any CPU = Ad-Hoc|Any CPU
		Ad-Hoc|iPhone = Ad-Hoc|iPhone
		Ad-Hoc|iPhoneSimulator = Ad-Hoc|iPhoneSimulator
		AppStore|Any CPU = AppStore|Any CPU
		AppStore|iPhone = AppStore|iPhone
		AppStore|iPhoneSimulator = AppStore|iPhoneSimulator
		Debug|Any CPU = Debug|Any CPU
		Debug|iPhone = Debug|iPhone
		Debug|iPhoneSimulator = Debug|iPhoneSimulator
		Release|Any CPU = Release|Any CPU
		Release|iPhone = Release|iPhone
		Release|iPhoneSimulator = Release|iPhoneSimulator
	EndGlobalSection
	GlobalSection(ProjectConfigurationPlatforms) = postSolution
		{16A30162-10E3-4C2E-8136-4CBBEC541761}.Ad-Hoc|Any CPU.ActiveCfg = Release|Any CPU
		{16A30162-10E3-4C2E-8136-4CBBEC541761}.Ad-Hoc|Any CPU.Build.0 = Release|Any CPU
		{16A30162-10E3-4C2E-8136-4CBBEC541761}.Ad-Hoc|iPhone.ActiveCfg = Release|Any CPU
		{16A30162-10E3-4C2E-8136-4CBBEC541761}.Ad-Hoc|iPhone.Build.0 = Release|Any CPU
		{16A30162-10E3-4C2E-8136-4CBBEC541761}.Ad-Hoc|iPhoneSimulator.ActiveCfg = Release|Any CPU
		{16A30162-10E3-4C2E-8136-4CBBEC541761}.Ad-Hoc|iPhoneSimulator.Build.0 = Release|Any CPU
		{16A30162-10E3-4C2E-8136-4CBBEC541761}.AppStore|Any CPU.ActiveCfg = Release|Any CPU
		{16A30162-10E3-4C2E-8136-4CBBEC541761}.AppStore|Any CPU.Build.0 = Release|Any CPU
		{16A30162-10E3-4C2E-8136-4CBBEC541761}.AppStore|iPhone.ActiveCfg = Release|Any CPU
		{16A30162-10E3-4C2E-8136-4CBBEC541761}.AppStore|iPhone.Build.0 = Release|Any CPU
		{16A30162-10E3-4C2E-8136-4CBBEC541761}.AppStore|iPhoneSimulator.ActiveCfg = Release|Any CPU
		{16A30162-10E3-4C2E-8136-4CBBEC541761}.AppStore|iPhoneSimulator.Build.0 = Release|Any CPU
		{16A30162-10E3-4C2E-8136-4CBBEC541761}.Debug|Any CPU.ActiveCfg = Debug|Any CPU
		{16A30162-10E3-4C2E-8136-4CBBEC541761}.Debug|Any CPU.Build.0 = Debug|Any CPU
		{16A30162-10E3-4C2E-8136-4CBBEC541761}.Debug|iPhone.ActiveCfg = Debug|Any CPU
		{16A30162-10E3-4C2E-8136-4CBBEC541761}.Debug|iPhone.Build.0 = Debug|Any CPU
		{16A30162-10E3-4C2E-8136-4CBBEC541761}.Debug|iPhoneSimulator.ActiveCfg = Debug|Any CPU
		{16A30162-10E3-4C2E-8136-4CBBEC541761}.Debug|iPhoneSimulator.Build.0 = Debug|Any CPU
		{16A30162-10E3-4C2E-8136-4CBBEC541761}.Release|Any CPU.ActiveCfg = Release|Any CPU
		{16A30162-10E3-4C2E-8136-4CBBEC541761}.Release|Any CPU.Build.0 = Release|Any CPU
		{16A30162-10E3-4C2E-8136-4CBBEC541761}.Release|iPhone.ActiveCfg = Release|Any CPU
		{16A30162-10E3-4C2E-8136-4CBBEC541761}.Release|iPhone.Build.0 = Release|Any CPU
		{16A30162-10E3-4C2E-8136-4CBBEC541761}.Release|iPhoneSimulator.ActiveCfg = Release|Any CPU
		{16A30162-10E3-4C2E-8136-4CBBEC541761}.Release|iPhoneSimulator.Build.0 = Release|Any CPU
		{2AC4004D-98BB-41B5-9F5F-55A177CE6C61}.Ad-Hoc|Any CPU.ActiveCfg = Release|Any CPU
		{2AC4004D-98BB-41B5-9F5F-55A177CE6C61}.Ad-Hoc|Any CPU.Build.0 = Release|Any CPU
		{2AC4004D-98BB-41B5-9F5F-55A177CE6C61}.Ad-Hoc|iPhone.ActiveCfg = Release|Any CPU
		{2AC4004D-98BB-41B5-9F5F-55A177CE6C61}.Ad-Hoc|iPhone.Build.0 = Release|Any CPU
		{2AC4004D-98BB-41B5-9F5F-55A177CE6C61}.Ad-Hoc|iPhoneSimulator.ActiveCfg = Release|Any CPU
		{2AC4004D-98BB-41B5-9F5F-55A177CE6C61}.Ad-Hoc|iPhoneSimulator.Build.0 = Release|Any CPU
		{2AC4004D-98BB-41B5-9F5F-55A177CE6C61}.AppStore|Any CPU.ActiveCfg = Release|Any CPU
		{2AC4004D-98BB-41B5-9F5F-55A177CE6C61}.AppStore|Any CPU.Build.0 = Release|Any CPU
		{2AC4004D-98BB-41B5-9F5F-55A177CE6C61}.AppStore|iPhone.ActiveCfg = Release|Any CPU
		{2AC4004D-98BB-41B5-9F5F-55A177CE6C61}.AppStore|iPhone.Build.0 = Release|Any CPU
		{2AC4004D-98BB-41B5-9F5F-55A177CE6C61}.AppStore|iPhoneSimulator.ActiveCfg = Release|Any CPU
		{2AC4004D-98BB-41B5-9F5F-55A177CE6C61}.AppStore|iPhoneSimulator.Build.0 = Release|Any CPU
		{2AC4004D-98BB-41B5-9F5F-55A177CE6C61}.Debug|Any CPU.ActiveCfg = Debug|Any CPU
		{2AC4004D-98BB-41B5-9F5F-55A177CE6C61}.Debug|Any CPU.Build.0 = Debug|Any CPU
		{2AC4004D-98BB-41B5-9F5F-55A177CE6C61}.Debug|iPhone.ActiveCfg = Debug|Any CPU
		{2AC4004D-98BB-41B5-9F5F-55A177CE6C61}.Debug|iPhone.Build.0 = Debug|Any CPU
		{2AC4004D-98BB-41B5-9F5F-55A177CE6C61}.Debug|iPhoneSimulator.ActiveCfg = Debug|Any CPU
		{2AC4004D-98BB-41B5-9F5F-55A177CE6C61}.Debug|iPhoneSimulator.Build.0 = Debug|Any CPU
		{2AC4004D-98BB-41B5-9F5F-55A177CE6C61}.Release|Any CPU.ActiveCfg = Release|Any CPU
		{2AC4004D-98BB-41B5-9F5F-55A177CE6C61}.Release|Any CPU.Build.0 = Release|Any CPU
		{2AC4004D-98BB-41B5-9F5F-55A177CE6C61}.Release|iPhone.ActiveCfg = Release|Any CPU
		{2AC4004D-98BB-41B5-9F5F-55A177CE6C61}.Release|iPhone.Build.0 = Release|Any CPU
		{2AC4004D-98BB-41B5-9F5F-55A177CE6C61}.Release|iPhoneSimulator.ActiveCfg = Release|Any CPU
		{2AC4004D-98BB-41B5-9F5F-55A177CE6C61}.Release|iPhoneSimulator.Build.0 = Release|Any CPU
		{4B3EF632-2464-4BFD-80CA-E414BE263DA6}.Ad-Hoc|Any CPU.ActiveCfg = Debug|Any CPU
		{4B3EF632-2464-4BFD-80CA-E414BE263DA6}.Ad-Hoc|Any CPU.Build.0 = Debug|Any CPU
		{4B3EF632-2464-4BFD-80CA-E414BE263DA6}.Ad-Hoc|iPhone.ActiveCfg = Debug|Any CPU
		{4B3EF632-2464-4BFD-80CA-E414BE263DA6}.Ad-Hoc|iPhone.Build.0 = Debug|Any CPU
		{4B3EF632-2464-4BFD-80CA-E414BE263DA6}.Ad-Hoc|iPhoneSimulator.ActiveCfg = Debug|Any CPU
		{4B3EF632-2464-4BFD-80CA-E414BE263DA6}.Ad-Hoc|iPhoneSimulator.Build.0 = Debug|Any CPU
		{4B3EF632-2464-4BFD-80CA-E414BE263DA6}.AppStore|Any CPU.ActiveCfg = Debug|Any CPU
		{4B3EF632-2464-4BFD-80CA-E414BE263DA6}.AppStore|Any CPU.Build.0 = Debug|Any CPU
		{4B3EF632-2464-4BFD-80CA-E414BE263DA6}.AppStore|iPhone.ActiveCfg = Debug|Any CPU
		{4B3EF632-2464-4BFD-80CA-E414BE263DA6}.AppStore|iPhone.Build.0 = Debug|Any CPU
		{4B3EF632-2464-4BFD-80CA-E414BE263DA6}.AppStore|iPhoneSimulator.ActiveCfg = Debug|Any CPU
		{4B3EF632-2464-4BFD-80CA-E414BE263DA6}.AppStore|iPhoneSimulator.Build.0 = Debug|Any CPU
		{4B3EF632-2464-4BFD-80CA-E414BE263DA6}.Debug|Any CPU.ActiveCfg = Debug|Any CPU
		{4B3EF632-2464-4BFD-80CA-E414BE263DA6}.Debug|Any CPU.Build.0 = Debug|Any CPU
		{4B3EF632-2464-4BFD-80CA-E414BE263DA6}.Debug|iPhone.ActiveCfg = Debug|Any CPU
		{4B3EF632-2464-4BFD-80CA-E414BE263DA6}.Debug|iPhone.Build.0 = Debug|Any CPU
		{4B3EF632-2464-4BFD-80CA-E414BE263DA6}.Debug|iPhoneSimulator.ActiveCfg = Debug|Any CPU
		{4B3EF632-2464-4BFD-80CA-E414BE263DA6}.Debug|iPhoneSimulator.Build.0 = Debug|Any CPU
		{4B3EF632-2464-4BFD-80CA-E414BE263DA6}.Release|Any CPU.ActiveCfg = Release|Any CPU
		{4B3EF632-2464-4BFD-80CA-E414BE263DA6}.Release|Any CPU.Build.0 = Release|Any CPU
		{4B3EF632-2464-4BFD-80CA-E414BE263DA6}.Release|iPhone.ActiveCfg = Release|Any CPU
		{4B3EF632-2464-4BFD-80CA-E414BE263DA6}.Release|iPhone.Build.0 = Release|Any CPU
		{4B3EF632-2464-4BFD-80CA-E414BE263DA6}.Release|iPhoneSimulator.ActiveCfg = Release|Any CPU
		{4B3EF632-2464-4BFD-80CA-E414BE263DA6}.Release|iPhoneSimulator.Build.0 = Release|Any CPU
		{D3247039-4292-4C63-A295-345379CFE1FF}.Ad-Hoc|Any CPU.ActiveCfg = Release|Any CPU
		{D3247039-4292-4C63-A295-345379CFE1FF}.Ad-Hoc|Any CPU.Build.0 = Release|Any CPU
		{D3247039-4292-4C63-A295-345379CFE1FF}.Ad-Hoc|Any CPU.Deploy.0 = Release|Any CPU
		{D3247039-4292-4C63-A295-345379CFE1FF}.Ad-Hoc|iPhone.ActiveCfg = Release|Any CPU
		{D3247039-4292-4C63-A295-345379CFE1FF}.Ad-Hoc|iPhone.Build.0 = Release|Any CPU
		{D3247039-4292-4C63-A295-345379CFE1FF}.Ad-Hoc|iPhone.Deploy.0 = Release|Any CPU
		{D3247039-4292-4C63-A295-345379CFE1FF}.Ad-Hoc|iPhoneSimulator.ActiveCfg = Release|Any CPU
		{D3247039-4292-4C63-A295-345379CFE1FF}.Ad-Hoc|iPhoneSimulator.Build.0 = Release|Any CPU
		{D3247039-4292-4C63-A295-345379CFE1FF}.Ad-Hoc|iPhoneSimulator.Deploy.0 = Release|Any CPU
		{D3247039-4292-4C63-A295-345379CFE1FF}.AppStore|Any CPU.ActiveCfg = Release|Any CPU
		{D3247039-4292-4C63-A295-345379CFE1FF}.AppStore|Any CPU.Build.0 = Release|Any CPU
		{D3247039-4292-4C63-A295-345379CFE1FF}.AppStore|Any CPU.Deploy.0 = Release|Any CPU
		{D3247039-4292-4C63-A295-345379CFE1FF}.AppStore|iPhone.ActiveCfg = Release|Any CPU
		{D3247039-4292-4C63-A295-345379CFE1FF}.AppStore|iPhone.Build.0 = Release|Any CPU
		{D3247039-4292-4C63-A295-345379CFE1FF}.AppStore|iPhone.Deploy.0 = Release|Any CPU
		{D3247039-4292-4C63-A295-345379CFE1FF}.AppStore|iPhoneSimulator.ActiveCfg = Release|Any CPU
		{D3247039-4292-4C63-A295-345379CFE1FF}.AppStore|iPhoneSimulator.Build.0 = Release|Any CPU
		{D3247039-4292-4C63-A295-345379CFE1FF}.AppStore|iPhoneSimulator.Deploy.0 = Release|Any CPU
		{D3247039-4292-4C63-A295-345379CFE1FF}.Debug|Any CPU.ActiveCfg = Debug|Any CPU
		{D3247039-4292-4C63-A295-345379CFE1FF}.Debug|Any CPU.Build.0 = Debug|Any CPU
		{D3247039-4292-4C63-A295-345379CFE1FF}.Debug|Any CPU.Deploy.0 = Debug|Any CPU
		{D3247039-4292-4C63-A295-345379CFE1FF}.Debug|iPhone.ActiveCfg = Debug|Any CPU
		{D3247039-4292-4C63-A295-345379CFE1FF}.Debug|iPhone.Build.0 = Debug|Any CPU
		{D3247039-4292-4C63-A295-345379CFE1FF}.Debug|iPhone.Deploy.0 = Debug|Any CPU
		{D3247039-4292-4C63-A295-345379CFE1FF}.Debug|iPhoneSimulator.ActiveCfg = Debug|Any CPU
		{D3247039-4292-4C63-A295-345379CFE1FF}.Debug|iPhoneSimulator.Build.0 = Debug|Any CPU
		{D3247039-4292-4C63-A295-345379CFE1FF}.Debug|iPhoneSimulator.Deploy.0 = Debug|Any CPU
		{D3247039-4292-4C63-A295-345379CFE1FF}.Release|Any CPU.ActiveCfg = Release|Any CPU
		{D3247039-4292-4C63-A295-345379CFE1FF}.Release|Any CPU.Build.0 = Release|Any CPU
		{D3247039-4292-4C63-A295-345379CFE1FF}.Release|Any CPU.Deploy.0 = Release|Any CPU
		{D3247039-4292-4C63-A295-345379CFE1FF}.Release|iPhone.ActiveCfg = Release|Any CPU
		{D3247039-4292-4C63-A295-345379CFE1FF}.Release|iPhone.Build.0 = Release|Any CPU
		{D3247039-4292-4C63-A295-345379CFE1FF}.Release|iPhone.Deploy.0 = Release|Any CPU
		{D3247039-4292-4C63-A295-345379CFE1FF}.Release|iPhoneSimulator.ActiveCfg = Release|Any CPU
		{D3247039-4292-4C63-A295-345379CFE1FF}.Release|iPhoneSimulator.Build.0 = Release|Any CPU
		{D3247039-4292-4C63-A295-345379CFE1FF}.Release|iPhoneSimulator.Deploy.0 = Release|Any CPU
		{B5285FB4-F91C-4591-BE1E-0D2C47001351}.Ad-Hoc|Any CPU.ActiveCfg = Ad-Hoc|iPhone
		{B5285FB4-F91C-4591-BE1E-0D2C47001351}.Ad-Hoc|iPhone.ActiveCfg = Ad-Hoc|iPhone
		{B5285FB4-F91C-4591-BE1E-0D2C47001351}.Ad-Hoc|iPhone.Build.0 = Ad-Hoc|iPhone
		{B5285FB4-F91C-4591-BE1E-0D2C47001351}.Ad-Hoc|iPhoneSimulator.ActiveCfg = Ad-Hoc|iPhoneSimulator
		{B5285FB4-F91C-4591-BE1E-0D2C47001351}.Ad-Hoc|iPhoneSimulator.Build.0 = Ad-Hoc|iPhoneSimulator
		{B5285FB4-F91C-4591-BE1E-0D2C47001351}.AppStore|Any CPU.ActiveCfg = AppStore|iPhone
		{B5285FB4-F91C-4591-BE1E-0D2C47001351}.AppStore|iPhone.ActiveCfg = AppStore|iPhone
		{B5285FB4-F91C-4591-BE1E-0D2C47001351}.AppStore|iPhone.Build.0 = AppStore|iPhone
		{B5285FB4-F91C-4591-BE1E-0D2C47001351}.AppStore|iPhoneSimulator.ActiveCfg = AppStore|iPhoneSimulator
		{B5285FB4-F91C-4591-BE1E-0D2C47001351}.AppStore|iPhoneSimulator.Build.0 = AppStore|iPhoneSimulator
		{B5285FB4-F91C-4591-BE1E-0D2C47001351}.Debug|Any CPU.ActiveCfg = Debug|iPhone
		{B5285FB4-F91C-4591-BE1E-0D2C47001351}.Debug|iPhone.ActiveCfg = Debug|iPhone
		{B5285FB4-F91C-4591-BE1E-0D2C47001351}.Debug|iPhone.Build.0 = Debug|iPhone
		{B5285FB4-F91C-4591-BE1E-0D2C47001351}.Debug|iPhoneSimulator.ActiveCfg = Debug|iPhoneSimulator
		{B5285FB4-F91C-4591-BE1E-0D2C47001351}.Debug|iPhoneSimulator.Build.0 = Debug|iPhoneSimulator
		{B5285FB4-F91C-4591-BE1E-0D2C47001351}.Release|Any CPU.ActiveCfg = Release|iPhone
		{B5285FB4-F91C-4591-BE1E-0D2C47001351}.Release|iPhone.ActiveCfg = Release|iPhone
		{B5285FB4-F91C-4591-BE1E-0D2C47001351}.Release|iPhone.Build.0 = Release|iPhone
		{B5285FB4-F91C-4591-BE1E-0D2C47001351}.Release|iPhoneSimulator.ActiveCfg = Release|iPhoneSimulator
		{B5285FB4-F91C-4591-BE1E-0D2C47001351}.Release|iPhoneSimulator.Build.0 = Release|iPhoneSimulator
		{E8CB08F5-EEB7-40E8-90B1-3E446111F710}.Ad-Hoc|Any CPU.ActiveCfg = Release|Any CPU
		{E8CB08F5-EEB7-40E8-90B1-3E446111F710}.Ad-Hoc|Any CPU.Build.0 = Release|Any CPU
		{E8CB08F5-EEB7-40E8-90B1-3E446111F710}.Ad-Hoc|Any CPU.Deploy.0 = Release|Any CPU
		{E8CB08F5-EEB7-40E8-90B1-3E446111F710}.Ad-Hoc|iPhone.ActiveCfg = Release|Any CPU
		{E8CB08F5-EEB7-40E8-90B1-3E446111F710}.Ad-Hoc|iPhone.Build.0 = Release|Any CPU
		{E8CB08F5-EEB7-40E8-90B1-3E446111F710}.Ad-Hoc|iPhone.Deploy.0 = Release|Any CPU
		{E8CB08F5-EEB7-40E8-90B1-3E446111F710}.Ad-Hoc|iPhoneSimulator.ActiveCfg = Release|Any CPU
		{E8CB08F5-EEB7-40E8-90B1-3E446111F710}.Ad-Hoc|iPhoneSimulator.Build.0 = Release|Any CPU
		{E8CB08F5-EEB7-40E8-90B1-3E446111F710}.Ad-Hoc|iPhoneSimulator.Deploy.0 = Release|Any CPU
		{E8CB08F5-EEB7-40E8-90B1-3E446111F710}.AppStore|Any CPU.ActiveCfg = Release|Any CPU
		{E8CB08F5-EEB7-40E8-90B1-3E446111F710}.AppStore|Any CPU.Build.0 = Release|Any CPU
		{E8CB08F5-EEB7-40E8-90B1-3E446111F710}.AppStore|Any CPU.Deploy.0 = Release|Any CPU
		{E8CB08F5-EEB7-40E8-90B1-3E446111F710}.AppStore|iPhone.ActiveCfg = Release|Any CPU
		{E8CB08F5-EEB7-40E8-90B1-3E446111F710}.AppStore|iPhone.Build.0 = Release|Any CPU
		{E8CB08F5-EEB7-40E8-90B1-3E446111F710}.AppStore|iPhone.Deploy.0 = Release|Any CPU
		{E8CB08F5-EEB7-40E8-90B1-3E446111F710}.AppStore|iPhoneSimulator.ActiveCfg = Release|Any CPU
		{E8CB08F5-EEB7-40E8-90B1-3E446111F710}.AppStore|iPhoneSimulator.Build.0 = Release|Any CPU
		{E8CB08F5-EEB7-40E8-90B1-3E446111F710}.AppStore|iPhoneSimulator.Deploy.0 = Release|Any CPU
		{E8CB08F5-EEB7-40E8-90B1-3E446111F710}.Debug|Any CPU.ActiveCfg = Debug|Any CPU
		{E8CB08F5-EEB7-40E8-90B1-3E446111F710}.Debug|Any CPU.Build.0 = Debug|Any CPU
		{E8CB08F5-EEB7-40E8-90B1-3E446111F710}.Debug|Any CPU.Deploy.0 = Debug|Any CPU
		{E8CB08F5-EEB7-40E8-90B1-3E446111F710}.Debug|iPhone.ActiveCfg = Debug|Any CPU
		{E8CB08F5-EEB7-40E8-90B1-3E446111F710}.Debug|iPhone.Build.0 = Debug|Any CPU
		{E8CB08F5-EEB7-40E8-90B1-3E446111F710}.Debug|iPhone.Deploy.0 = Debug|Any CPU
		{E8CB08F5-EEB7-40E8-90B1-3E446111F710}.Debug|iPhoneSimulator.ActiveCfg = Debug|Any CPU
		{E8CB08F5-EEB7-40E8-90B1-3E446111F710}.Debug|iPhoneSimulator.Build.0 = Debug|Any CPU
		{E8CB08F5-EEB7-40E8-90B1-3E446111F710}.Debug|iPhoneSimulator.Deploy.0 = Debug|Any CPU
		{E8CB08F5-EEB7-40E8-90B1-3E446111F710}.Release|Any CPU.ActiveCfg = Release|Any CPU
		{E8CB08F5-EEB7-40E8-90B1-3E446111F710}.Release|Any CPU.Build.0 = Release|Any CPU
		{E8CB08F5-EEB7-40E8-90B1-3E446111F710}.Release|Any CPU.Deploy.0 = Release|Any CPU
		{E8CB08F5-EEB7-40E8-90B1-3E446111F710}.Release|iPhone.ActiveCfg = Release|Any CPU
		{E8CB08F5-EEB7-40E8-90B1-3E446111F710}.Release|iPhone.Build.0 = Release|Any CPU
		{E8CB08F5-EEB7-40E8-90B1-3E446111F710}.Release|iPhone.Deploy.0 = Release|Any CPU
		{E8CB08F5-EEB7-40E8-90B1-3E446111F710}.Release|iPhoneSimulator.ActiveCfg = Release|Any CPU
		{E8CB08F5-EEB7-40E8-90B1-3E446111F710}.Release|iPhoneSimulator.Build.0 = Release|Any CPU
		{E8CB08F5-EEB7-40E8-90B1-3E446111F710}.Release|iPhoneSimulator.Deploy.0 = Release|Any CPU
		{101E3060-8799-4119-8A7A-4F86A01C0C84}.Ad-Hoc|Any CPU.ActiveCfg = Release|iPhone
		{101E3060-8799-4119-8A7A-4F86A01C0C84}.Ad-Hoc|Any CPU.Build.0 = Release|iPhone
		{101E3060-8799-4119-8A7A-4F86A01C0C84}.Ad-Hoc|iPhone.ActiveCfg = Release|iPhone
		{101E3060-8799-4119-8A7A-4F86A01C0C84}.Ad-Hoc|iPhone.Build.0 = Release|iPhone
		{101E3060-8799-4119-8A7A-4F86A01C0C84}.Ad-Hoc|iPhoneSimulator.ActiveCfg = Release|iPhoneSimulator
		{101E3060-8799-4119-8A7A-4F86A01C0C84}.Ad-Hoc|iPhoneSimulator.Build.0 = Release|iPhoneSimulator
		{101E3060-8799-4119-8A7A-4F86A01C0C84}.AppStore|Any CPU.ActiveCfg = Release|iPhone
		{101E3060-8799-4119-8A7A-4F86A01C0C84}.AppStore|Any CPU.Build.0 = Release|iPhone
		{101E3060-8799-4119-8A7A-4F86A01C0C84}.AppStore|iPhone.ActiveCfg = Release|iPhone
		{101E3060-8799-4119-8A7A-4F86A01C0C84}.AppStore|iPhone.Build.0 = Release|iPhone
		{101E3060-8799-4119-8A7A-4F86A01C0C84}.AppStore|iPhoneSimulator.ActiveCfg = Release|iPhoneSimulator
		{101E3060-8799-4119-8A7A-4F86A01C0C84}.AppStore|iPhoneSimulator.Build.0 = Release|iPhoneSimulator
		{101E3060-8799-4119-8A7A-4F86A01C0C84}.Debug|Any CPU.ActiveCfg = Debug|iPhone
		{101E3060-8799-4119-8A7A-4F86A01C0C84}.Debug|iPhone.ActiveCfg = Debug|iPhone
		{101E3060-8799-4119-8A7A-4F86A01C0C84}.Debug|iPhone.Build.0 = Debug|iPhone
		{101E3060-8799-4119-8A7A-4F86A01C0C84}.Debug|iPhoneSimulator.ActiveCfg = Debug|iPhoneSimulator
		{101E3060-8799-4119-8A7A-4F86A01C0C84}.Debug|iPhoneSimulator.Build.0 = Debug|iPhoneSimulator
		{101E3060-8799-4119-8A7A-4F86A01C0C84}.Release|Any CPU.ActiveCfg = Release|iPhone
		{101E3060-8799-4119-8A7A-4F86A01C0C84}.Release|iPhone.ActiveCfg = Release|iPhone
		{101E3060-8799-4119-8A7A-4F86A01C0C84}.Release|iPhone.Build.0 = Release|iPhone
		{101E3060-8799-4119-8A7A-4F86A01C0C84}.Release|iPhoneSimulator.ActiveCfg = Release|iPhoneSimulator
		{101E3060-8799-4119-8A7A-4F86A01C0C84}.Release|iPhoneSimulator.Build.0 = Release|iPhoneSimulator
	EndGlobalSection
	GlobalSection(SolutionProperties) = preSolution
		HideSolutionNode = FALSE
	EndGlobalSection
	GlobalSection(ExtensibilityGlobals) = postSolution
		SolutionGuid = {AE441683-3ED2-425C-8239-301089C6EC10}
	EndGlobalSection
EndGlobal
